
Microsoft Visual Studio Solution File, Format Version 12.00
# Visual Studio Version 17
VisualStudioVersion = 17.9.34728.123
MinimumVisualStudioVersion = 10.0.40219.1
Project("{9A19103F-16F7-4668-BE54-9A1E7A4F7556}") = "SalesTrackerUI", "SalesTrackerUI\SalesTrackerUI.csproj", "{E645ADDB-A0AA-4ECA-AAF7-691A0AD0D9D7}"
EndProject
Project("{9A19103F-16F7-4668-BE54-9A1E7A4F7556}") = "SalesTrackCommon", "SalesTrackCommon\SalesTrackCommon.csproj", "{34F13290-9861-45F4-8A07-83A44D847A0E}"
EndProject
Project("{9A19103F-16F7-4668-BE54-9A1E7A4F7556}") = "SalesTrackBusiness", "SalesTrackBusiness\SalesTrackBusiness.csproj", "{148E18B9-7574-45C2-BCE8-0587E76C4EB1}"
EndProject
Project("{9A19103F-16F7-4668-BE54-9A1E7A4F7556}") = "SalesTrackData", "SalesTrackData\SalesTrackData.csproj", "{E3CE4ECF-B846-456E-BC36-FCA2F4F04E92}"
EndProject
Global
	GlobalSection(SolutionConfigurationPlatforms) = preSolution
		Debug|Any CPU = Debug|Any CPU
		Release|Any CPU = Release|Any CPU
	EndGlobalSection
	GlobalSection(ProjectConfigurationPlatforms) = postSolution
		{E645ADDB-A0AA-4ECA-AAF7-691A0AD0D9D7}.Debug|Any CPU.ActiveCfg = Debug|Any CPU
		{E645ADDB-A0AA-4ECA-AAF7-691A0AD0D9D7}.Debug|Any CPU.Build.0 = Debug|Any CPU
		{E645ADDB-A0AA-4ECA-AAF7-691A0AD0D9D7}.Release|Any CPU.ActiveCfg = Release|Any CPU
		{E645ADDB-A0AA-4ECA-AAF7-691A0AD0D9D7}.Release|Any CPU.Build.0 = Release|Any CPU
		{34F13290-9861-45F4-8A07-83A44D847A0E}.Debug|Any CPU.ActiveCfg = Debug|Any CPU
		{34F13290-9861-45F4-8A07-83A44D847A0E}.Debug|Any CPU.Build.0 = Debug|Any CPU
		{34F13290-9861-45F4-8A07-83A44D847A0E}.Release|Any CPU.ActiveCfg = Release|Any CPU
		{34F13290-9861-45F4-8A07-83A44D847A0E}.Release|Any CPU.Build.0 = Release|Any CPU
		{148E18B9-7574-45C2-BCE8-0587E76C4EB1}.Debug|Any CPU.ActiveCfg = Debug|Any CPU
		{148E18B9-7574-45C2-BCE8-0587E76C4EB1}.Debug|Any CPU.Build.0 = Debug|Any CPU
		{148E18B9-7574-45C2-BCE8-0587E76C4EB1}.Release|Any CPU.ActiveCfg = Release|Any CPU
		{148E18B9-7574-45C2-BCE8-0587E76C4EB1}.Release|Any CPU.Build.0 = Release|Any CPU
		{E3CE4ECF-B846-456E-BC36-FCA2F4F04E92}.Debug|Any CPU.ActiveCfg = Debug|Any CPU
		{E3CE4ECF-B846-456E-BC36-FCA2F4F04E92}.Debug|Any CPU.Build.0 = Debug|Any CPU
		{E3CE4ECF-B846-456E-BC36-FCA2F4F04E92}.Release|Any CPU.ActiveCfg = Release|Any CPU
		{E3CE4ECF-B846-456E-BC36-FCA2F4F04E92}.Release|Any CPU.Build.0 = Release|Any CPU
	EndGlobalSection
	GlobalSection(SolutionProperties) = preSolution
		HideSolutionNode = FALSE
	EndGlobalSection
	GlobalSection(ExtensibilityGlobals) = postSolution
		SolutionGuid = {B6B2BF9F-E7E4-4DCF-AE2E-10E9BE8A754C}
	EndGlobalSection
EndGlobal
